lockfileVersion: '6.0'

settings:
  autoInstallPeers: true
  excludeLinksFromLockfile: false

dependencies:
  ollama:
    specifier: ^0.5.14
    version: 0.5.14

packages:

  /ollama@0.5.14:
    resolution: {integrity: sha512-pvOuEYa2WkkAumxzJP0RdEYHkbZ64AYyyUszXVX7ruLvk5L+EiO2G71da2GqEQ4IAk4j6eLoUbGk5arzFT1wJA==}
    dependencies:
      whatwg-fetch: 3.6.20
    dev: false

  /whatwg-fetch@3.6.20:
    resolution: {integrity: sha512-EqhiFU6daOA8kpjOWTL0olhVOF3i7OrFzSYiGsEMB8GcXS+RrzauAERX65xMeNWVqxA6HXH2m69Z9LaKKdisfg==}
    dev: false
